{
  "requires": true,
  "lockfileVersion": 1,
  "dependencies": {
    "angular2-infinite-scroll": {
      "version": "0.3.5",
      "resolved": "https://registry.npmjs.org/angular2-infinite-scroll/-/angular2-infinite-scroll-0.3.5.tgz",
      "integrity": "sha1-wpQ1Ecdbdv/ESPYOw5UF0CfBTZ8="
    }
  }
}
